# This file is autogenerated, do not edit; changes may be undone by the next 'dep ensure'.


[[projects]]
  branch = "master"
  digest = "1:78e80602d71837c404478f9fc6ff0a10e354b990261a5c8f05eccc6ed347614d"
  name = "github.com/Sirupsen/logrus"
  packages = ["."]
  pruneopts = "UT"
  revision = "d7b6bf5e4d26448fd977d07d745a2a66097ddecb"

[[projects]]
  branch = "master"
  digest = "1:1f0c0f034273b51a23254aa6770c69bd81e595daafb2cbe769d8ad128511b7e0"
  name = "github.com/bitrise-io/bitrise"
  packages = [
    "configs",
    "models",
    "plugins",
    "tools",
    "tools/filterwriter",
    "tools/timeoutcmd",
    "version",
  ]
  pruneopts = "UT"
  revision = "7477fcfd646c9f961575e38c2de6bf0da94276aa"

[[projects]]
  branch = "master"
  digest = "1:4e1c0cc22c53c5ebda9bd380afd5b56a2f1fc9e6fd2eed59ab8ba0c1522eee19"
  name = "github.com/bitrise-io/envman"
  packages = ["models"]
  pruneopts = "UT"
  revision = "12f91a1a8324162e408416161b6919306402d979"

[[projects]]
  branch = "master"
  digest = "1:6ad5b2db5965ad2f6051419b8810124ffd18f62d72320b5d44f23c3c6c2a76c7"
  name = "github.com/bitrise-io/go-utils"
  packages = [
    "colorstring",
    "command",
    "command/git",
    "errorutil",
    "fileutil",
    "log",
    "parseutil",
    "pathutil",
    "pointers",
    "progress",
  ]
  pruneopts = "UT"
  revision = "2a09aab8380d7842750328aebd5671bcccea89c8"

[[projects]]
  branch = "master"
  digest = "1:34e5041861da39ff37f982c3cdfd46c0b0b46836d136151e895be7bf8fb50d86"
  name = "github.com/bitrise-io/stepman"
  packages = ["models"]
  pruneopts = "UT"
  revision = "e7385e0f946cc7c1bb347b04fe7c2eb92e7b799d"

[[projects]]
  branch = "master"
  digest = "1:8286f653bf8b8fd155a0c9c3b9ee3dbc2a95b1b51f7a1dc11fe2c66018454a0c"
  name = "github.com/codegangsta/cli"
  packages = ["."]
  pruneopts = "UT"
  revision = "693af58b4d51b8fcc7f9d89576da170765980581"

[[projects]]
  digest = "1:ffe9824d294da03b391f44e1ae8281281b4afc1bdaa9588c9097785e3af10cec"
  name = "github.com/davecgh/go-spew"
  packages = ["spew"]
  pruneopts = "UT"
  revision = "8991bc29aa16c548c550c7ff78260e27b9ab7c73"
  version = "v1.1.1"

[[projects]]
  branch = "master"
  digest = "1:950caca7dfcf796419232ba996c9c3539d09f26af27ba848c4508e604c13efbb"
  name = "github.com/hashicorp/go-version"
  packages = ["."]
  pruneopts = "UT"
  revision = "d40cf49b3a77bba84a7afdbd7f1dc295d114efb1"

[[projects]]
  digest = "1:31e761d97c76151dde79e9d28964a812c46efc5baee4085b86f68f0c654450de"
  name = "github.com/konsorten/go-windows-terminal-sequences"
  packages = ["."]
  pruneopts = "UT"
  revision = "f55edac94c9bbba5d6182a4be46d86a2c9b5b50e"
  version = "v1.0.2"

[[projects]]
  branch = "master"
  digest = "1:deff41c4160cc5b487a1d1a69a58925f2d3ac11befa0692b50e76940594e20f5"
  name = "github.com/pkg/errors"
  packages = ["."]
  pruneopts = "UT"
  revision = "27936f6d90f9c8e1145f11ed52ffffbfdb9e0af7"

[[projects]]
  digest = "1:0028cb19b2e4c3112225cd871870f2d9cf49b9b4276531f03438a88e94be86fe"
  name = "github.com/pmezard/go-difflib"
  packages = ["difflib"]
  pruneopts = "UT"
  revision = "792786c7400a136282c1664665ae0a8db921c6c2"
  version = "v1.0.0"

[[projects]]
  branch = "master"
  digest = "1:6baa565fe16f8657cf93469b2b8a6c61a277827734400d27e44d589547297279"
  name = "github.com/ryanuber/go-glob"
  packages = ["."]
  pruneopts = "UT"
  revision = "51a8f68e6c24dc43f1e371749c89a267de4ebc53"

[[projects]]
  branch = "master"
  digest = "1:68171d9755228ac0c35c40989e1a7945fb1b63495dbbcb4bb80795e6ea3beb15"
  name = "github.com/stretchr/testify"
  packages = [
    "assert",
    "require",
  ]
  pruneopts = "UT"
  revision = "21cb1c2932a2d04c6792d5ad106243c6e36a3a7d"

[[projects]]
  branch = "master"
  digest = "1:058e9504b9a79bfe86092974d05bb3298d2aa0c312d266d43148de289a5065d9"
  name = "golang.org/x/crypto"
  packages = ["ssh/terminal"]
  pruneopts = "UT"
  revision = "8dd112bcdc25174059e45e07517d9fc663123347"

[[projects]]
  branch = "master"
  digest = "1:84634db3c6385a120c926d800106c52269a084b849c1c25e276284c9232ad641"
  name = "golang.org/x/sys"
  packages = [
    "unix",
    "windows",
  ]
  pruneopts = "UT"
  revision = "584f3b12f43e1e55248c90e84804777009eed0a4"

[[projects]]
  branch = "v2"
  digest = "1:4d2e5a73dc1500038e504a8d78b986630e3626dc027bc030ba5c75da257cdb96"
  name = "gopkg.in/yaml.v2"
  packages = ["."]
  pruneopts = "UT"
  revision = "51d6538a90f86fe93ac480b35f37b2be17fef232"

[solve-meta]
  analyzer-name = "dep"
  analyzer-version = 1
  input-imports = [
    "github.com/Sirupsen/logrus",
    "github.com/bitrise-io/bitrise/configs",
    "github.com/bitrise-io/bitrise/models",
    "github.com/bitrise-io/bitrise/plugins",
    "github.com/bitrise-io/go-utils/command",
    "github.com/bitrise-io/go-utils/command/git",
    "github.com/bitrise-io/go-utils/fileutil",
    "github.com/bitrise-io/go-utils/log",
    "github.com/bitrise-io/go-utils/pathutil",
    "github.com/codegangsta/cli",
    "github.com/hashicorp/go-version",
    "github.com/pkg/errors",
    "github.com/stretchr/testify/require",
    "gopkg.in/yaml.v2",
  ]
  solver-name = "gps-cdcl"
  solver-version = 1
